
Microsoft Visual Studio Solution File, Format Version 12.00
# Visual Studio Version 16
VisualStudioVersion = 16.0.30503.244
MinimumVisualStudioVersion = 10.0.40219.1
Project("{FAE04EC0-301F-11D3-BF4B-00C04F79EFBC}") = "Practical_5", "Practical_5\Practical_5.csproj", "{949D999A-7F48-43C3-AAA8-6FBBDCF0A51F}"
EndProject
Global
	GlobalSection(SolutionConfigurationPlatforms) = preSolution
		Debug|Any CPU = Debug|Any CPU
		Release|Any CPU = Release|Any CPU
	EndGlobalSection
	GlobalSection(ProjectConfigurationPlatforms) = postSolution
		{949D999A-7F48-43C3-AAA8-6FBBDCF0A51F}.Debug|Any CPU.ActiveCfg = Debug|Any CPU
		{949D999A-7F48-43C3-AAA8-6FBBDCF0A51F}.Debug|Any CPU.Build.0 = Debug|Any CPU
		{949D999A-7F48-43C3-AAA8-6FBBDCF0A51F}.Release|Any CPU.ActiveCfg = Release|Any CPU
		{949D999A-7F48-43C3-AAA8-6FBBDCF0A51F}.Release|Any CPU.Build.0 = Release|Any CPU
	EndGlobalSection
	GlobalSection(SolutionProperties) = preSolution
		HideSolutionNode = FALSE
	EndGlobalSection
	GlobalSection(ExtensibilityGlobals) = postSolution
		SolutionGuid = {8166B868-71B3-45D5-B7E5-546490627901}
	EndGlobalSection
EndGlobal
